
Microsoft Visual Studio Solution File, Format Version 12.00
# Visual Studio 15
VisualStudioVersion = 15.0.28010.2026
MinimumVisualStudioVersion = 10.0.40219.1
Project("{FAE04EC0-301F-11D3-BF4B-00C04F79EFBC}") = "PDFinalProject", "PDFinalProject\PDFinalProject.csproj", "{D1A166C7-37AA-4282-BFF3-AADD79C666DA}"
EndProject
Global
	GlobalSection(SolutionConfigurationPlatforms) = preSolution
		Debug|Any CPU = Debug|Any CPU
		Release|Any CPU = Release|Any CPU
	EndGlobalSection
	GlobalSection(ProjectConfigurationPlatforms) = postSolution
		{D1A166C7-37AA-4282-BFF3-AADD79C666DA}.Debug|Any CPU.ActiveCfg = Debug|Any CPU
		{D1A166C7-37AA-4282-BFF3-AADD79C666DA}.Debug|Any CPU.Build.0 = Debug|Any CPU
		{D1A166C7-37AA-4282-BFF3-AADD79C666DA}.Release|Any CPU.ActiveCfg = Release|Any CPU
		{D1A166C7-37AA-4282-BFF3-AADD79C666DA}.Release|Any CPU.Build.0 = Release|Any CPU
	EndGlobalSection
	GlobalSection(SolutionProperties) = preSolution
		HideSolutionNode = FALSE
	EndGlobalSection
	GlobalSection(ExtensibilityGlobals) = postSolution
		SolutionGuid = {4E364302-7E14-4670-9222-DA327FD036AF}
	EndGlobalSection
EndGlobal
